
Microsoft Visual Studio Solution File, Format Version 12.00
# Visual Studio Version 17
VisualStudioVersion = 17.9.34728.123
MinimumVisualStudioVersion = 10.0.40219.1
Project("{9A19103F-16F7-4668-BE54-9A1E7A4F7556}") = "Auth.Backend", "Auth.Backend\Auth.Backend.csproj", "{A277556B-2F33-4248-A316-5E42AD89CD3E}"
EndProject
Project("{FAE04EC0-301F-11D3-BF4B-00C04F79EFBC}") = "Auth.Backend.Model", "Auth.Backend.Model\Auth.Backend.Model.csproj", "{943F7E7F-F8A5-4D9B-AEE4-6B0BF959EE07}"
EndProject
Global
	GlobalSection(SolutionConfigurationPlatforms) = preSolution
		Debug|Any CPU = Debug|Any CPU
		Release|Any CPU = Release|Any CPU
	EndGlobalSection
	GlobalSection(ProjectConfigurationPlatforms) = postSolution
		{A277556B-2F33-4248-A316-5E42AD89CD3E}.Debug|Any CPU.ActiveCfg = Debug|Any CPU
		{A277556B-2F33-4248-A316-5E42AD89CD3E}.Debug|Any CPU.Build.0 = Debug|Any CPU
		{A277556B-2F33-4248-A316-5E42AD89CD3E}.Release|Any CPU.ActiveCfg = Release|Any CPU
		{A277556B-2F33-4248-A316-5E42AD89CD3E}.Release|Any CPU.Build.0 = Release|Any CPU
		{943F7E7F-F8A5-4D9B-AEE4-6B0BF959EE07}.Debug|Any CPU.ActiveCfg = Debug|Any CPU
		{943F7E7F-F8A5-4D9B-AEE4-6B0BF959EE07}.Debug|Any CPU.Build.0 = Debug|Any CPU
		{943F7E7F-F8A5-4D9B-AEE4-6B0BF959EE07}.Release|Any CPU.ActiveCfg = Release|Any CPU
		{943F7E7F-F8A5-4D9B-AEE4-6B0BF959EE07}.Release|Any CPU.Build.0 = Release|Any CPU
	EndGlobalSection
	GlobalSection(SolutionProperties) = preSolution
		HideSolutionNode = FALSE
	EndGlobalSection
	GlobalSection(ExtensibilityGlobals) = postSolution
		SolutionGuid = {33AE799B-7A1D-44FE-89D5-3CD0C70AA8B5}
	EndGlobalSection
EndGlobal
